
Microsoft Visual Studio Solution File, Format Version 12.00
# Visual Studio Version 17
VisualStudioVersion = 17.6.33712.159
MinimumVisualStudioVersion = 10.0.40219.1
Project("{FAE04EC0-301F-11D3-BF4B-00C04F79EFBC}") = "EXAM-Submit", "EXAM-Submit.csproj", "{305E0AC9-91C7-47EB-8432-55A5EA539861}"
EndProject
Global
	GlobalSection(SolutionConfigurationPlatforms) = preSolution
		Debug|Any CPU = Debug|Any CPU
		Release|Any CPU = Release|Any CPU
	EndGlobalSection
	GlobalSection(ProjectConfigurationPlatforms) = postSolution
		{305E0AC9-91C7-47EB-8432-55A5EA539861}.Debug|Any CPU.ActiveCfg = Debug|Any CPU
		{305E0AC9-91C7-47EB-8432-55A5EA539861}.Debug|Any CPU.Build.0 = Debug|Any CPU
		{305E0AC9-91C7-47EB-8432-55A5EA539861}.Release|Any CPU.ActiveCfg = Release|Any CPU
		{305E0AC9-91C7-47EB-8432-55A5EA539861}.Release|Any CPU.Build.0 = Release|Any CPU
	EndGlobalSection
	GlobalSection(SolutionProperties) = preSolution
		HideSolutionNode = FALSE
	EndGlobalSection
	GlobalSection(ExtensibilityGlobals) = postSolution
		SolutionGuid = {AADDEC28-4AAC-4500-BB5E-B5B5D0BFEBAD}
	EndGlobalSection
EndGlobal
